
Microsoft Visual Studio Solution File, Format Version 12.00
# Visual Studio Version 17
VisualStudioVersion = 17.5.002.0
MinimumVisualStudioVersion = 10.0.40219.1
Project("{2150E333-8FDC-42A3-9474-1A3956D46DE8}") = "prepare", "prepare", "{331BBEBB-3134-4C47-A412-B290F4E655A6}"
EndProject
Project("{9A19103F-16F7-4668-BE54-9A1E7A4F7556}") = "Learning02", "prepare\Learning02\Learning02.csproj", "{57C4EA3C-FD13-4143-91A1-6EA8E7E8D391}"
EndProject
Project("{9A19103F-16F7-4668-BE54-9A1E7A4F7556}") = "Learning05", "prepare\Learning05\Learning05.csproj", "{57A07A95-CE46-4E6F-9E06-6153E253BE6C}"
EndProject
Project("{9A19103F-16F7-4668-BE54-9A1E7A4F7556}") = "Learning04", "prepare\Learning04\Learning04.csproj", "{F378021C-3FD2-4B09-AB12-9AEDD054C0C9}"
EndProject
Project("{9A19103F-16F7-4668-BE54-9A1E7A4F7556}") = "Learning03", "prepare\Learning03\Learning03.csproj", "{4CF48525-3B3B-4FC8-BF8A-31845A26909A}"
EndProject
Project("{2150E333-8FDC-42A3-9474-1A3956D46DE8}") = "prove", "prove", "{D69C4436-F191-4EB7-9DBE-C8E05E0A05E4}"
EndProject
Project("{9A19103F-16F7-4668-BE54-9A1E7A4F7556}") = "Develop03", "prove\Develop03\Develop03.csproj", "{DCFF4294-5C5D-4FA6-8D77-E44542799145}"
EndProject
Project("{9A19103F-16F7-4668-BE54-9A1E7A4F7556}") = "Develop04", "prove\Develop04\Develop04.csproj", "{BB85393F-CB2C-4B5E-9DAB-5E4B0FCF8AAD}"
EndProject
Project("{9A19103F-16F7-4668-BE54-9A1E7A4F7556}") = "Develop05", "prove\Develop05\Develop05.csproj", "{E36DA6C9-4ADA-4065-A083-39A73AE7CC69}"
EndProject
Project("{9A19103F-16F7-4668-BE54-9A1E7A4F7556}") = "Develop02", "prove\Develop02\Develop02.csproj", "{C6256B3F-729E-40D2-948B-B3A907677D33}"
EndProject
Project("{2150E333-8FDC-42A3-9474-1A3956D46DE8}") = "sandbox", "sandbox", "{FBCA8542-4015-4D42-8E2A-E38DBEAAAE64}"
EndProject
Project("{9A19103F-16F7-4668-BE54-9A1E7A4F7556}") = "Sandbox", "sandbox\Sandbox\Sandbox.csproj", "{078CD948-2891-4E52-8ABA-F7B2DFF24E80}"
EndProject
Project("{2150E333-8FDC-42A3-9474-1A3956D46DE8}") = "final", "final", "{FE546E43-6FE6-4770-809E-EB633E9422AF}"
EndProject
Project("{9A19103F-16F7-4668-BE54-9A1E7A4F7556}") = "FinalProject", "final\FinalProject\FinalProject.csproj", "{4803C898-4A72-4EC1-BA2F-8B3BF2823607}"
EndProject
Project("{9A19103F-16F7-4668-BE54-9A1E7A4F7556}") = "Foundation1", "final\Foundation1\Foundation1.csproj", "{558AD699-9B93-4859-8072-9E31287F7D88}"
EndProject
Project("{9A19103F-16F7-4668-BE54-9A1E7A4F7556}") = "Foundation4", "final\Foundation4\Foundation4.csproj", "{1F1B8445-A98C-4804-8094-D96E2C6ED452}"
EndProject
Project("{9A19103F-16F7-4668-BE54-9A1E7A4F7556}") = "Foundation3", "final\Foundation3\Foundation3.csproj", "{71858AD8-A350-4473-9E8C-137F12EF1AD2}"
EndProject
Project("{9A19103F-16F7-4668-BE54-9A1E7A4F7556}") = "Foundation2", "final\Foundation2\Foundation2.csproj", "{B8375ADF-B4C9-4E19-95E7-1E2F74F54A39}"
EndProject
Project("{2150E333-8FDC-42A3-9474-1A3956D46DE8}") = "csharp-prep", "csharp-prep", "{A6F2B9C7-07D7-47D0-9595-71443E29E0E5}"
EndProject
Project("{9A19103F-16F7-4668-BE54-9A1E7A4F7556}") = "Prep1", "csharp-prep\Prep1\Prep1.csproj", "{8D3785C6-8B8A-493B-81A3-9AEB878430B8}"
EndProject
Project("{9A19103F-16F7-4668-BE54-9A1E7A4F7556}") = "Prep5", "csharp-prep\Prep5\Prep5.csproj", "{73B9702E-563D-4568-87A5-46A7D82BA664}"
EndProject
Project("{9A19103F-16F7-4668-BE54-9A1E7A4F7556}") = "Prep2", "csharp-prep\Prep2\Prep2.csproj", "{2E53C2B4-D877-4561-BFDA-1ED2F2F2CAD2}"
EndProject
Project("{9A19103F-16F7-4668-BE54-9A1E7A4F7556}") = "Prep3", "csharp-prep\Prep3\Prep3.csproj", "{A18C8FEE-54BF-404D-B4C2-85364B2413AC}"
EndProject
Project("{9A19103F-16F7-4668-BE54-9A1E7A4F7556}") = "Prep4", "csharp-prep\Prep4\Prep4.csproj", "{6B22966D-6AF4-4462-A230-87340206D4A3}"
EndProject
Global
	GlobalSection(SolutionConfigurationPlatforms) = preSolution
		Debug|Any CPU = Debug|Any CPU
		Release|Any CPU = Release|Any CPU
	EndGlobalSection
	GlobalSection(ProjectConfigurationPlatforms) = postSolution
		{57C4EA3C-FD13-4143-91A1-6EA8E7E8D391}.Debug|Any CPU.ActiveCfg = Debug|Any CPU
		{57C4EA3C-FD13-4143-91A1-6EA8E7E8D391}.Debug|Any CPU.Build.0 = Debug|Any CPU
		{57C4EA3C-FD13-4143-91A1-6EA8E7E8D391}.Release|Any CPU.ActiveCfg = Release|Any CPU
		{57C4EA3C-FD13-4143-91A1-6EA8E7E8D391}.Release|Any CPU.Build.0 = Release|Any CPU
		{57A07A95-CE46-4E6F-9E06-6153E253BE6C}.Debug|Any CPU.ActiveCfg = Debug|Any CPU
		{57A07A95-CE46-4E6F-9E06-6153E253BE6C}.Debug|Any CPU.Build.0 = Debug|Any CPU
		{57A07A95-CE46-4E6F-9E06-6153E253BE6C}.Release|Any CPU.ActiveCfg = Release|Any CPU
		{57A07A95-CE46-4E6F-9E06-6153E253BE6C}.Release|Any CPU.Build.0 = Release|Any CPU
		{F378021C-3FD2-4B09-AB12-9AEDD054C0C9}.Debug|Any CPU.ActiveCfg = Debug|Any CPU
		{F378021C-3FD2-4B09-AB12-9AEDD054C0C9}.Debug|Any CPU.Build.0 = Debug|Any CPU
		{F378021C-3FD2-4B09-AB12-9AEDD054C0C9}.Release|Any CPU.ActiveCfg = Release|Any CPU
		{F378021C-3FD2-4B09-AB12-9AEDD054C0C9}.Release|Any CPU.Build.0 = Release|Any CPU
		{4CF48525-3B3B-4FC8-BF8A-31845A26909A}.Debug|Any CPU.ActiveCfg = Debug|Any CPU
		{4CF48525-3B3B-4FC8-BF8A-31845A26909A}.Debug|Any CPU.Build.0 = Debug|Any CPU
		{4CF48525-3B3B-4FC8-BF8A-31845A26909A}.Release|Any CPU.ActiveCfg = Release|Any CPU
		{4CF48525-3B3B-4FC8-BF8A-31845A26909A}.Release|Any CPU.Build.0 = Release|Any CPU
		{DCFF4294-5C5D-4FA6-8D77-E44542799145}.Debug|Any CPU.ActiveCfg = Debug|Any CPU
		{DCFF4294-5C5D-4FA6-8D77-E44542799145}.Debug|Any CPU.Build.0 = Debug|Any CPU
		{DCFF4294-5C5D-4FA6-8D77-E44542799145}.Release|Any CPU.ActiveCfg = Release|Any CPU
		{DCFF4294-5C5D-4FA6-8D77-E44542799145}.Release|Any CPU.Build.0 = Release|Any CPU
		{BB85393F-CB2C-4B5E-9DAB-5E4B0FCF8AAD}.Debug|Any CPU.ActiveCfg = Debug|Any CPU
		{BB85393F-CB2C-4B5E-9DAB-5E4B0FCF8AAD}.Debug|Any CPU.Build.0 = Debug|Any CPU
		{BB85393F-CB2C-4B5E-9DAB-5E4B0FCF8AAD}.Release|Any CPU.ActiveCfg = Release|Any CPU
		{BB85393F-CB2C-4B5E-9DAB-5E4B0FCF8AAD}.Release|Any CPU.Build.0 = Release|Any CPU
		{E36DA6C9-4ADA-4065-A083-39A73AE7CC69}.Debug|Any CPU.ActiveCfg = Debug|Any CPU
		{E36DA6C9-4ADA-4065-A083-39A73AE7CC69}.Debug|Any CPU.Build.0 = Debug|Any CPU
		{E36DA6C9-4ADA-4065-A083-39A73AE7CC69}.Release|Any CPU.ActiveCfg = Release|Any CPU
		{E36DA6C9-4ADA-4065-A083-39A73AE7CC69}.Release|Any CPU.Build.0 = Release|Any CPU
		{C6256B3F-729E-40D2-948B-B3A907677D33}.Debug|Any CPU.ActiveCfg = Debug|Any CPU
		{C6256B3F-729E-40D2-948B-B3A907677D33}.Debug|Any CPU.Build.0 = Debug|Any CPU
		{C6256B3F-729E-40D2-948B-B3A907677D33}.Release|Any CPU.ActiveCfg = Release|Any CPU
		{C6256B3F-729E-40D2-948B-B3A907677D33}.Release|Any CPU.Build.0 = Release|Any CPU
		{078CD948-2891-4E52-8ABA-F7B2DFF24E80}.Debug|Any CPU.ActiveCfg = Debug|Any CPU
		{078CD948-2891-4E52-8ABA-F7B2DFF24E80}.Debug|Any CPU.Build.0 = Debug|Any CPU
		{078CD948-2891-4E52-8ABA-F7B2DFF24E80}.Release|Any CPU.ActiveCfg = Release|Any CPU
		{078CD948-2891-4E52-8ABA-F7B2DFF24E80}.Release|Any CPU.Build.0 = Release|Any CPU
		{4803C898-4A72-4EC1-BA2F-8B3BF2823607}.Debug|Any CPU.ActiveCfg = Debug|Any CPU
		{4803C898-4A72-4EC1-BA2F-8B3BF2823607}.Debug|Any CPU.Build.0 = Debug|Any CPU
		{4803C898-4A72-4EC1-BA2F-8B3BF2823607}.Release|Any CPU.ActiveCfg = Release|Any CPU
		{4803C898-4A72-4EC1-BA2F-8B3BF2823607}.Release|Any CPU.Build.0 = Release|Any CPU
		{558AD699-9B93-4859-8072-9E31287F7D88}.Debug|Any CPU.ActiveCfg = Debug|Any CPU
		{558AD699-9B93-4859-8072-9E31287F7D88}.Debug|Any CPU.Build.0 = Debug|Any CPU
		{558AD699-9B93-4859-8072-9E31287F7D88}.Release|Any CPU.ActiveCfg = Release|Any CPU
		{558AD699-9B93-4859-8072-9E31287F7D88}.Release|Any CPU.Build.0 = Release|Any CPU
		{1F1B8445-A98C-4804-8094-D96E2C6ED452}.Debug|Any CPU.ActiveCfg = Debug|Any CPU
		{1F1B8445-A98C-4804-8094-D96E2C6ED452}.Debug|Any CPU.Build.0 = Debug|Any CPU
		{1F1B8445-A98C-4804-8094-D96E2C6ED452}.Release|Any CPU.ActiveCfg = Release|Any CPU
		{1F1B8445-A98C-4804-8094-D96E2C6ED452}.Release|Any CPU.Build.0 = Release|Any CPU
		{71858AD8-A350-4473-9E8C-137F12EF1AD2}.Debug|Any CPU.ActiveCfg = Debug|Any CPU
		{71858AD8-A350-4473-9E8C-137F12EF1AD2}.Debug|Any CPU.Build.0 = Debug|Any CPU
		{71858AD8-A350-4473-9E8C-137F12EF1AD2}.Release|Any CPU.ActiveCfg = Release|Any CPU
		{71858AD8-A350-4473-9E8C-137F12EF1AD2}.Release|Any CPU.Build.0 = Release|Any CPU
		{B8375ADF-B4C9-4E19-95E7-1E2F74F54A39}.Debug|Any CPU.ActiveCfg = Debug|Any CPU
		{B8375ADF-B4C9-4E19-95E7-1E2F74F54A39}.Debug|Any CPU.Build.0 = Debug|Any CPU
		{B8375ADF-B4C9-4E19-95E7-1E2F74F54A39}.Release|Any CPU.ActiveCfg = Release|Any CPU
		{B8375ADF-B4C9-4E19-95E7-1E2F74F54A39}.Release|Any CPU.Build.0 = Release|Any CPU
		{8D3785C6-8B8A-493B-81A3-9AEB878430B8}.Debug|Any CPU.ActiveCfg = Debug|Any CPU
		{8D3785C6-8B8A-493B-81A3-9AEB878430B8}.Debug|Any CPU.Build.0 = Debug|Any CPU
		{8D3785C6-8B8A-493B-81A3-9AEB878430B8}.Release|Any CPU.ActiveCfg = Release|Any CPU
		{8D3785C6-8B8A-493B-81A3-9AEB878430B8}.Release|Any CPU.Build.0 = Release|Any CPU
		{73B9702E-563D-4568-87A5-46A7D82BA664}.Debug|Any CPU.ActiveCfg = Debug|Any CPU
		{73B9702E-563D-4568-87A5-46A7D82BA664}.Debug|Any CPU.Build.0 = Debug|Any CPU
		{73B9702E-563D-4568-87A5-46A7D82BA664}.Release|Any CPU.ActiveCfg = Release|Any CPU
		{73B9702E-563D-4568-87A5-46A7D82BA664}.Release|Any CPU.Build.0 = Release|Any CPU
		{2E53C2B4-D877-4561-BFDA-1ED2F2F2CAD2}.Debug|Any CPU.ActiveCfg = Debug|Any CPU
		{2E53C2B4-D877-4561-BFDA-1ED2F2F2CAD2}.Debug|Any CPU.Build.0 = Debug|Any CPU
		{2E53C2B4-D877-4561-BFDA-1ED2F2F2CAD2}.Release|Any CPU.ActiveCfg = Release|Any CPU
		{2E53C2B4-D877-4561-BFDA-1ED2F2F2CAD2}.Release|Any CPU.Build.0 = Release|Any CPU
		{A18C8FEE-54BF-404D-B4C2-85364B2413AC}.Debug|Any CPU.ActiveCfg = Debug|Any CPU
		{A18C8FEE-54BF-404D-B4C2-85364B2413AC}.Debug|Any CPU.Build.0 = Debug|Any CPU
		{A18C8FEE-54BF-404D-B4C2-85364B2413AC}.Release|Any CPU.ActiveCfg = Release|Any CPU
		{A18C8FEE-54BF-404D-B4C2-85364B2413AC}.Release|Any CPU.Build.0 = Release|Any CPU
		{6B22966D-6AF4-4462-A230-87340206D4A3}.Debug|Any CPU.ActiveCfg = Debug|Any CPU
		{6B22966D-6AF4-4462-A230-87340206D4A3}.Debug|Any CPU.Build.0 = Debug|Any CPU
		{6B22966D-6AF4-4462-A230-87340206D4A3}.Release|Any CPU.ActiveCfg = Release|Any CPU
		{6B22966D-6AF4-4462-A230-87340206D4A3}.Release|Any CPU.Build.0 = Release|Any CPU
	EndGlobalSection
	GlobalSection(SolutionProperties) = preSolution
		HideSolutionNode = FALSE
	EndGlobalSection
	GlobalSection(NestedProjects) = preSolution
		{57C4EA3C-FD13-4143-91A1-6EA8E7E8D391} = {331BBEBB-3134-4C47-A412-B290F4E655A6}
		{57A07A95-CE46-4E6F-9E06-6153E253BE6C} = {331BBEBB-3134-4C47-A412-B290F4E655A6}
		{F378021C-3FD2-4B09-AB12-9AEDD054C0C9} = {331BBEBB-3134-4C47-A412-B290F4E655A6}
		{4CF48525-3B3B-4FC8-BF8A-31845A26909A} = {331BBEBB-3134-4C47-A412-B290F4E655A6}
		{DCFF4294-5C5D-4FA6-8D77-E44542799145} = {D69C4436-F191-4EB7-9DBE-C8E05E0A05E4}
		{BB85393F-CB2C-4B5E-9DAB-5E4B0FCF8AAD} = {D69C4436-F191-4EB7-9DBE-C8E05E0A05E4}
		{E36DA6C9-4ADA-4065-A083-39A73AE7CC69} = {D69C4436-F191-4EB7-9DBE-C8E05E0A05E4}
		{C6256B3F-729E-40D2-948B-B3A907677D33} = {D69C4436-F191-4EB7-9DBE-C8E05E0A05E4}
		{078CD948-2891-4E52-8ABA-F7B2DFF24E80} = {FBCA8542-4015-4D42-8E2A-E38DBEAAAE64}
		{4803C898-4A72-4EC1-BA2F-8B3BF2823607} = {FE546E43-6FE6-4770-809E-EB633E9422AF}
		{558AD699-9B93-4859-8072-9E31287F7D88} = {FE546E43-6FE6-4770-809E-EB633E9422AF}
		{1F1B8445-A98C-4804-8094-D96E2C6ED452} = {FE546E43-6FE6-4770-809E-EB633E9422AF}
		{71858AD8-A350-4473-9E8C-137F12EF1AD2} = {FE546E43-6FE6-4770-809E-EB633E9422AF}
		{B8375ADF-B4C9-4E19-95E7-1E2F74F54A39} = {FE546E43-6FE6-4770-809E-EB633E9422AF}
		{8D3785C6-8B8A-493B-81A3-9AEB878430B8} = {A6F2B9C7-07D7-47D0-9595-71443E29E0E5}
		{73B9702E-563D-4568-87A5-46A7D82BA664} = {A6F2B9C7-07D7-47D0-9595-71443E29E0E5}
		{2E53C2B4-D877-4561-BFDA-1ED2F2F2CAD2} = {A6F2B9C7-07D7-47D0-9595-71443E29E0E5}
		{A18C8FEE-54BF-404D-B4C2-85364B2413AC} = {A6F2B9C7-07D7-47D0-9595-71443E29E0E5}
		{6B22966D-6AF4-4462-A230-87340206D4A3} = {A6F2B9C7-07D7-47D0-9595-71443E29E0E5}
	EndGlobalSection
	GlobalSection(ExtensibilityGlobals) = postSolution
		SolutionGuid = {B1DBD56C-C3F3-43CF-8885-4C7D7850157F}
	EndGlobalSection
EndGlobal
